{
  "name": "evergreen-clinic",
  "version": "1.0.0",
  "lockfileVersion": 3,
  "requires": true,
  "packages": {
    "": {
      "name": "evergreen-clinic",
      "version": "1.0.0",
      "dependencies": {
        "next": "15.2.0",
        "react": "19.1.0",
        "react-dom": "19.1.0"
      }
    },
    "node_modules/next": {
      "version": "15.2.0",
      "resolved": "https://registry.npmjs.org/next/-/next-15.2.0.tgz",
      "license": "MIT"
    }
  }
}
