{
  "name": "brightline-legal",
  "version": "1.0.0",
  "lockfileVersion": 3,
  "requires": true,
  "packages": {
    "": {
      "name": "brightline-legal",
      "version": "1.0.0",
      "dependencies": {
        "next": "14.2.25",
        "react": "18.3.1",
        "react-dom": "18.3.1"
      }
    },
    "node_modules/next": {
      "version": "14.2.25",
      "resolved": "https://registry.npmjs.org/next/-/next-14.2.25.tgz",
      "license": "MIT"
    }
  }
}
